// !$*UTF8*$!
{
	archiveVersion = 1;
	classes = {
	};
	objectVersion = 48;
	objects = {

/* Begin PBXBuildFile section */
		59148DD32028DFA1004958E8 /* AppDelegate.swift in Sources */ = {isa = PBXBuildFile; fileRef = 59148DD22028DFA1004958E8 /* AppDelegate.swift */; };
		59148DD92028DFA1004958E8 /* GameScene.swift in Sources */ = {isa = PBXBuildFile; fileRef = 59148DD82028DFA1004958E8 /* GameScene.swift */; };
		59148DDB2028DFA1004958E8 /* GameViewController.swift in Sources */ = {isa = PBXBuildFile; fileRef = 59148DDA2028DFA1004958E8 /* GameViewController.swift */; };
		59148DDE2028DFA1004958E8 /* Main.storyboard in Resources */ = {isa = PBXBuildFile; fileRef = 59148DDC2028DFA1004958E8 /* Main.storyboard */; };
		59148DE02028DFA1004958E8 /* Assets.xcassets in Resources */ = {isa = PBXBuildFile; fileRef = 59148DDF2028DFA1004958E8 /* Assets.xcassets */; };
		59148DE32028DFA1004958E8 /* LaunchScreen.storyboard in Resources */ = {isa = PBXBuildFile; fileRef = 59148DE12028DFA1004958E8 /* LaunchScreen.storyboard */; };
		59148DF22028E0D1004958E8 /* MyUtlis.swift in Sources */ = {isa = PBXBuildFile; fileRef = 59148DF12028E0D1004958E8 /* MyUtlis.swift */; };
		5935E04520311ADF003E3154 /* bird.wav in Resources */ = {isa = PBXBuildFile; fileRef = 5935E04120311ADF003E3154 /* bird.wav */; };
		5935E04620311ADF003E3154 /* shoot.wav in Resources */ = {isa = PBXBuildFile; fileRef = 5935E04220311ADF003E3154 /* shoot.wav */; };
		5935E04720311ADF003E3154 /* background.wav in Resources */ = {isa = PBXBuildFile; fileRef = 5935E04320311ADF003E3154 /* background.wav */; };
		5935E04A203120A8003E3154 /* warning.wav in Resources */ = {isa = PBXBuildFile; fileRef = 5935E049203120A8003E3154 /* warning.wav */; };
		595D727D202ACCFA006D5F62 /* GameOverScene.swift in Sources */ = {isa = PBXBuildFile; fileRef = 595D727C202ACCFA006D5F62 /* GameOverScene.swift */; };
		595D727F202ACD2F006D5F62 /* MainMenuScene.swift in Sources */ = {isa = PBXBuildFile; fileRef = 595D727E202ACD2F006D5F62 /* MainMenuScene.swift */; };
/* End PBXBuildFile section */

/* Begin PBXFileReference section */
		59148DCF2028DFA1004958E8 /* test1.app */ = {isa = PBXFileReference; explicitFileType = wrapper.application; includeInIndex = 0; path = test1.app; sourceTree = BUILT_PRODUCTS_DIR; };
		59148DD22028DFA1004958E8 /* AppDelegate.swift */ = {isa = PBXFileReference; lastKnownFileType = sourcecode.swift; path = AppDelegate.swift; sourceTree = "<group>"; };
		59148DD82028DFA1004958E8 /* GameScene.swift */ = {isa = PBXFileReference; lastKnownFileType = sourcecode.swift; path = GameScene.swift; sourceTree = "<group>"; };
		59148DDA2028DFA1004958E8 /* GameViewController.swift */ = {isa = PBXFileReference; lastKnownFileType = sourcecode.swift; path = GameViewController.swift; sourceTree = "<group>"; };
		59148DDD2028DFA1004958E8 /* Base */ = {isa = PBXFileReference; lastKnownFileType = file.storyboard; name = Base; path = Base.lproj/Main.storyboard; sourceTree = "<group>"; };
		59148DDF2028DFA1004958E8 /* Assets.xcassets */ = {isa = PBXFileReference; lastKnownFileType = folder.assetcatalog; path = Assets.xcassets; sourceTree = "<group>"; };
		59148DE22028DFA1004958E8 /* Base */ = {isa = PBXFileReference; lastKnownFileType = file.storyboard; name = Base; path = Base.lproj/LaunchScreen.storyboard; sourceTree = "<group>"; };
		59148DE42028DFA1004958E8 /* Info.plist */ = {isa = PBXFileReference; lastKnownFileType = text.plist.xml; path = Info.plist; sourceTree = "<group>"; };
		59148DF12028E0D1004958E8 /* MyUtlis.swift */ = {isa = PBXFileReference; lastKnownFileType = sourcecode.swift; path = MyUtlis.swift; sourceTree = "<group>"; };
		5935E04120311ADF003E3154 /* bird.wav */ = {isa = PBXFileReference; lastKnownFileType = audio.wav; path = bird.wav; sourceTree = "<group>"; };
		5935E04220311ADF003E3154 /* shoot.wav */ = {isa = PBXFileReference; lastKnownFileType = audio.wav; path = shoot.wav; sourceTree = "<group>"; };
		5935E04320311ADF003E3154 /* background.wav */ = {isa = PBXFileReference; lastKnownFileType = audio.wav; path = background.wav; sourceTree = "<group>"; };
		5935E049203120A8003E3154 /* warning.wav */ = {isa = PBXFileReference; lastKnownFileType = audio.wav; path = warning.wav; sourceTree = "<group>"; };
		595D727C202ACCFA006D5F62 /* GameOverScene.swift */ = {isa = PBXFileReference; lastKnownFileType = sourcecode.swift; path = GameOverScene.swift; sourceTree = "<group>"; };
		595D727E202ACD2F006D5F62 /* MainMenuScene.swift */ = {isa = PBXFileReference; lastKnownFileType = sourcecode.swift; path = MainMenuScene.swift; sourceTree = "<group>"; };
/* End PBXFileReference section */

/* Begin PBXFrameworksBuildPhase section */
		59148DCC2028DFA1004958E8 /* Frameworks */ = {
			isa = PBXFrameworksBuildPhase;
			buildActionMask = 2147483647;
			files = (
			);
			runOnlyForDeploymentPostprocessing = 0;
		};
/* End PBXFrameworksBuildPhase section */

/* Begin PBXGroup section */
		59148DC62028DFA1004958E8 = {
			isa = PBXGroup;
			children = (
				59148DD12028DFA1004958E8 /* test1 */,
				59148DD02028DFA1004958E8 /* Products */,
			);
			sourceTree = "<group>";
		};
		59148DD02028DFA1004958E8 /* Products */ = {
			isa = PBXGroup;
			children = (
				59148DCF2028DFA1004958E8 /* test1.app */,
			);
			name = Products;
			sourceTree = "<group>";
		};
		59148DD12028DFA1004958E8 /* test1 */ = {
			isa = PBXGroup;
			children = (
				59148DEA2028E013004958E8 /* sounds */,
				59148DD22028DFA1004958E8 /* AppDelegate.swift */,
				59148DD82028DFA1004958E8 /* GameScene.swift */,
				595D727C202ACCFA006D5F62 /* GameOverScene.swift */,
				595D727E202ACD2F006D5F62 /* MainMenuScene.swift */,
				59148DDA2028DFA1004958E8 /* GameViewController.swift */,
				59148DDC2028DFA1004958E8 /* Main.storyboard */,
				59148DDF2028DFA1004958E8 /* Assets.xcassets */,
				59148DE12028DFA1004958E8 /* LaunchScreen.storyboard */,
				59148DE42028DFA1004958E8 /* Info.plist */,
				59148DF12028E0D1004958E8 /* MyUtlis.swift */,
			);
			path = test1;
			sourceTree = "<group>";
		};
		59148DEA2028E013004958E8 /* sounds */ = {
			isa = PBXGroup;
			children = (
				5935E049203120A8003E3154 /* warning.wav */,
				5935E04320311ADF003E3154 /* background.wav */,
				5935E04120311ADF003E3154 /* bird.wav */,
				5935E04220311ADF003E3154 /* shoot.wav */,
			);
			path = sounds;
			sourceTree = "<group>";
		};
/* End PBXGroup section */

/* Begin PBXNativeTarget section */
		59148DCE2028DFA1004958E8 /* test1 */ = {
			isa = PBXNativeTarget;
			buildConfigurationList = 59148DE72028DFA1004958E8 /* Build configuration list for PBXNativeTarget "test1" */;
			buildPhases = (
				59148DCB2028DFA1004958E8 /* Sources */,
				59148DCC2028DFA1004958E8 /* Frameworks */,
				59148DCD2028DFA1004958E8 /* Resources */,
			);
			buildRules = (
			);
			dependencies = (
			);
			name = test1;
			productName = test1;
			productReference = 59148DCF2028DFA1004958E8 /* test1.app */;
			productType = "com.apple.product-type.application";
		};
/* End PBXNativeTarget section */

/* Begin PBXProject section */
		59148DC72028DFA1004958E8 /* Project object */ = {
			isa = PBXProject;
			attributes = {
				LastSwiftUpdateCheck = 0920;
				LastUpgradeCheck = 0920;
				ORGANIZATIONNAME = "Bilal Qaiser";
				TargetAttributes = {
					59148DCE2028DFA1004958E8 = {
						CreatedOnToolsVersion = 9.2;
						ProvisioningStyle = Automatic;
					};
				};
			};
			buildConfigurationList = 59148DCA2028DFA1004958E8 /* Build configuration list for PBXProject "test1" */;
			compatibilityVersion = "Xcode 8.0";
			developmentRegion = en;
			hasScannedForEncodings = 0;
			knownRegions = (
				en,
				Base,
			);
			mainGroup = 59148DC62028DFA1004958E8;
			productRefGroup = 59148DD02028DFA1004958E8 /* Products */;
			projectDirPath = "";
			projectRoot = "";
			targets = (
				59148DCE2028DFA1004958E8 /* test1 */,
			);
		};
/* End PBXProject section */

/* Begin PBXResourcesBuildPhase section */
		59148DCD2028DFA1004958E8 /* Resources */ = {
			isa = PBXResourcesBuildPhase;
			buildActionMask = 2147483647;
			files = (
				5935E04A203120A8003E3154 /* warning.wav in Resources */,
				59148DDE2028DFA1004958E8 /* Main.storyboard in Resources */,
				5935E04520311ADF003E3154 /* bird.wav in Resources */,
				5935E04720311ADF003E3154 /* background.wav in Resources */,
				59148DE02028DFA1004958E8 /* Assets.xcassets in Resources */,
				5935E04620311ADF003E3154 /* shoot.wav in Resources */,
				59148DE32028DFA1004958E8 /* LaunchScreen.storyboard in Resources */,
			);
			runOnlyForDeploymentPostprocessing = 0;
		};
/* End PBXResourcesBuildPhase section */

/* Begin PBXSourcesBuildPhase section */
		59148DCB2028DFA1004958E8 /* Sources */ = {
			isa = PBXSourcesBuildPhase;
			buildActionMask = 2147483647;
			files = (
				595D727F202ACD2F006D5F62 /* MainMenuScene.swift in Sources */,
				595D727D202ACCFA006D5F62 /* GameOverScene.swift in Sources */,
				59148DD92028DFA1004958E8 /* GameScene.swift in Sources */,
				59148DDB2028DFA1004958E8 /* GameViewController.swift in Sources */,
				59148DD32028DFA1004958E8 /* AppDelegate.swift in Sources */,
				59148DF22028E0D1004958E8 /* MyUtlis.swift in Sources */,
			);
			runOnlyForDeploymentPostprocessing = 0;
		};
/* End PBXSourcesBuildPhase section */

/* Begin PBXVariantGroup section */
		59148DDC2028DFA1004958E8 /* Main.storyboard */ = {
			isa = PBXVariantGroup;
			children = (
				59148DDD2028DFA1004958E8 /* Base */,
			);
			name = Main.storyboard;
			sourceTree = "<group>";
		};
		59148DE12028DFA1004958E8 /* LaunchScreen.storyboard */ = {
			isa = PBXVariantGroup;
			children = (
				59148DE22028DFA1004958E8 /* Base */,
			);
			name = LaunchScreen.storyboard;
			sourceTree = "<group>";
		};
/* End PBXVariantGroup section */

/* Begin XCBuildConfiguration section */
		59148DE52028DFA1004958E8 /* Debug */ = {
			isa = XCBuildConfiguration;
			buildSettings = {
				ALWAYS_SEARCH_USER_PATHS = NO;
				CLANG_ANALYZER_NONNULL = YES;
				CLANG_ANALYZER_NUMBER_OBJECT_CONVERSION = YES_AGGRESSIVE;
				CLANG_CXX_LANGUAGE_STANDARD = "gnu++14";
				CLANG_CXX_LIBRARY = "libc++";
				CLANG_ENABLE_MODULES = YES;
				CLANG_ENABLE_OBJC_ARC = YES;
				CLANG_WARN_BLOCK_CAPTURE_AUTORELEASING = YES;
				CLANG_WARN_BOOL_CONVERSION = YES;
				CLANG_WARN_COMMA = YES;
				CLANG_WARN_CONSTANT_CONVERSION = YES;
				CLANG_WARN_DIRECT_OBJC_ISA_USAGE = YES_ERROR;
				CLANG_WARN_DOCUMENTATION_COMMENTS = YES;
				CLANG_WARN_EMPTY_BODY = YES;
				CLANG_WARN_ENUM_CONVERSION = YES;
				CLANG_WARN_INFINITE_RECURSION = YES;
				CLANG_WARN_INT_CONVERSION = YES;
				CLANG_WARN_NON_LITERAL_NULL_CONVERSION = YES;
				CLANG_WARN_OBJC_LITERAL_CONVERSION = YES;
				CLANG_WARN_OBJC_ROOT_CLASS = YES_ERROR;
				CLANG_WARN_RANGE_LOOP_ANALYSIS = YES;
				CLANG_WARN_STRICT_PROTOTYPES = YES;
				CLANG_WARN_SUSPICIOUS_MOVE = YES;
				CLANG_WARN_UNGUARDED_AVAILABILITY = YES_AGGRESSIVE;
				CLANG_WARN_UNREACHABLE_CODE = YES;
				CLANG_WARN__DUPLICATE_METHOD_MATCH = YES;
				CODE_SIGN_IDENTITY = "iPhone Developer";
				COPY_PHASE_STRIP = NO;
				DEBUG_INFORMATION_FORMAT = dwarf;
				ENABLE_STRICT_OBJC_MSGSEND = YES;
				ENABLE_TESTABILITY = YES;
				GCC_C_LANGUAGE_STANDARD = gnu11;
				GCC_DYNAMIC_NO_PIC = NO;
				GCC_NO_COMMON_BLOCKS = YES;
				GCC_OPTIMIZATION_LEVEL = 0;
				GCC_PREPROCESSOR_DEFINITIONS = (
					"DEBUG=1",
					"$(inherited)",
				);
				GCC_WARN_64_TO_32_BIT_CONVERSION = YES;
				GCC_WARN_ABOUT_RETURN_TYPE = YES_ERROR;
				GCC_WARN_UNDECLARED_SELECTOR = YES;
				GCC_WARN_UNINITIALIZED_AUTOS = YES_AGGRESSIVE;
				GCC_WARN_UNUSED_FUNCTION = YES;
				GCC_WARN_UNUSED_VARIABLE = YES;
				IPHONEOS_DEPLOYMENT_TARGET = 11.2;
				MTL_ENABLE_DEBUG_INFO = YES;
				ONLY_ACTIVE_ARCH = YES;
				SDKROOT = iphoneos;
				SWIFT_ACTIVE_COMPILATION_CONDITIONS = DEBUG;
				SWIFT_OPTIMIZATION_LEVEL = "-Onone";
			};
			name = Debug;
		};
		59148DE62028DFA1004958E8 /* Release */ = {
			isa = XCBuildConfiguration;
			buildSettings = {
				ALWAYS_SEARCH_USER_PATHS = NO;
				CLANG_ANALYZER_NONNULL = YES;
				CLANG_ANALYZER_NUMBER_OBJECT_CONVERSION = YES_AGGRESSIVE;
				CLANG_CXX_LANGUAGE_STANDARD = "gnu++14";
				CLANG_CXX_LIBRARY = "libc++";
				CLANG_ENABLE_MODULES = YES;
				CLANG_ENABLE_OBJC_ARC = YES;
				CLANG_WARN_BLOCK_CAPTURE_AUTORELEASING = YES;
				CLANG_WARN_BOOL_CONVERSION = YES;
				CLANG_WARN_COMMA = YES;
				CLANG_WARN_CONSTANT_CONVERSION = YES;
				CLANG_WARN_DIRECT_OBJC_ISA_USAGE = YES_ERROR;
				CLANG_WARN_DOCUMENTATION_COMMENTS = YES;
				CLANG_WARN_EMPTY_BODY = YES;
				CLANG_WARN_ENUM_CONVERSION = YES;
				CLANG_WARN_INFINITE_RECURSION = YES;
				CLANG_WARN_INT_CONVERSION = YES;
				CLANG_WARN_NON_LITERAL_NULL_CONVERSION = YES;
				CLANG_WARN_OBJC_LITERAL_CONVERSION = YES;
				CLANG_WARN_OBJC_ROOT_CLASS = YES_ERROR;
				CLANG_WARN_RANGE_LOOP_ANALYSIS = YES;
				CLANG_WARN_STRICT_PROTOTYPES = YES;
				CLANG_WARN_SUSPICIOUS_MOVE = YES;
				CLANG_WARN_UNGUARDED_AVAILABILITY = YES_AGGRESSIVE;
				CLANG_WARN_UNREACHABLE_CODE = YES;
				CLANG_WARN__DUPLICATE_METHOD_MATCH = YES;
				CODE_SIGN_IDENTITY = "iPhone Developer";
				COPY_PHASE_STRIP = NO;
				DEBUG_INFORMATION_FORMAT = "dwarf-with-dsym";
				ENABLE_NS_ASSERTIONS = NO;
				ENABLE_STRICT_OBJC_MSGSEND = YES;
				GCC_C_LANGUAGE_STANDARD = gnu11;
				GCC_NO_COMMON_BLOCKS = YES;
				GCC_WARN_64_TO_32_BIT_CONVERSION = YES;
				GCC_WARN_ABOUT_RETURN_TYPE = YES_ERROR;
				GCC_WARN_UNDECLARED_SELECTOR = YES;
				GCC_WARN_UNINITIALIZED_AUTOS = YES_AGGRESSIVE;
				GCC_WARN_UNUSED_FUNCTION = YES;
				GCC_WARN_UNUSED_VARIABLE = YES;
				IPHONEOS_DEPLOYMENT_TARGET = 11.2;
				MTL_ENABLE_DEBUG_INFO = NO;
				SDKROOT = iphoneos;
				SWIFT_OPTIMIZATION_LEVEL = "-Owholemodule";
				VALIDATE_PRODUCT = YES;
			};
			name = Release;
		};
		59148DE82028DFA1004958E8 /* Debug */ = {
			isa = XCBuildConfiguration;
			buildSettings = {
				ASSETCATALOG_COMPILER_APPICON_NAME = AppIcon;
				CODE_SIGN_STYLE = Automatic;
				DEVELOPMENT_TEAM = 6926UZP389;
				INFOPLIST_FILE = test1/Info.plist;
				IPHONEOS_DEPLOYMENT_TARGET = 11;
				LD_RUNPATH_SEARCH_PATHS = "$(inherited) @executable_path/Frameworks";
				PRODUCT_BUNDLE_IDENTIFIER = bq.test1;
				PRODUCT_NAME = "$(TARGET_NAME)";
				SWIFT_VERSION = 4.0;
				TARGETED_DEVICE_FAMILY = "1,2";
			};
			name = Debug;
		};
		59148DE92028DFA1004958E8 /* Release */ = {
			isa = XCBuildConfiguration;
			buildSettings = {
				ASSETCATALOG_COMPILER_APPICON_NAME = AppIcon;
				CODE_SIGN_STYLE = Automatic;
				DEVELOPMENT_TEAM = 6926UZP389;
				INFOPLIST_FILE = test1/Info.plist;
				IPHONEOS_DEPLOYMENT_TARGET = 11;
				LD_RUNPATH_SEARCH_PATHS = "$(inherited) @executable_path/Frameworks";
				PRODUCT_BUNDLE_IDENTIFIER = bq.test1;
				PRODUCT_NAME = "$(TARGET_NAME)";
				SWIFT_VERSION = 4.0;
				TARGETED_DEVICE_FAMILY = "1,2";
			};
			name = Release;
		};
/* End XCBuildConfiguration section */

/* Begin XCConfigurationList section */
		59148DCA2028DFA1004958E8 /* Build configuration list for PBXProject "test1" */ = {
			isa = XCConfigurationList;
			buildConfigurations = (
				59148DE52028DFA1004958E8 /* Debug */,
				59148DE62028DFA1004958E8 /* Release */,
			);
			defaultConfigurationIsVisible = 0;
			defaultConfigurationName = Release;
		};
		59148DE72028DFA1004958E8 /* Build configuration list for PBXNativeTarget "test1" */ = {
			isa = XCConfigurationList;
			buildConfigurations = (
				59148DE82028DFA1004958E8 /* Debug */,
				59148DE92028DFA1004958E8 /* Release */,
			);
			defaultConfigurationIsVisible = 0;
			defaultConfigurationName = Release;
		};
/* End XCConfigurationList section */
	};
	rootObject = 59148DC72028DFA1004958E8 /* Project object */;
}
